
Microsoft Visual Studio Solution File, Format Version 12.00
# Visual Studio Version 17
VisualStudioVersion = 17.13.35820.233
MinimumVisualStudioVersion = 10.0.40219.1
Project("{2150E333-8FDC-42A3-9474-1A3956D46DE8}") = "src", "src", "{AA000001-0000-0000-0000-000000000001}"
EndProject
Project("{2150E333-8FDC-42A3-9474-1A3956D46DE8}") = "tests", "tests", "{AA000002-0000-0000-0000-000000000002}"
EndProject
Project("{FAE04EC0-301F-11D3-BF4B-00C04F79EFBC}") = "Syndic.Api", "src\Syndic.Api\Syndic.Api.csproj", "{AA000003-0000-0000-0000-000000000003}"
EndProject
Project("{FAE04EC0-301F-11D3-BF4B-00C04F79EFBC}") = "Syndic.Shared", "src\Syndic.Shared\Syndic.Shared.csproj", "{AA000004-0000-0000-0000-000000000004}"
EndProject
Project("{FAE04EC0-301F-11D3-BF4B-00C04F79EFBC}") = "Syndic.Modules.Identity", "src\Syndic.Modules.Identity\Syndic.Modules.Identity.csproj", "{AA000005-0000-0000-0000-000000000005}"
EndProject
Project("{FAE04EC0-301F-11D3-BF4B-00C04F79EFBC}") = "Syndic.Modules.Copropriete", "src\Syndic.Modules.Copropriete\Syndic.Modules.Copropriete.csproj", "{AA000006-0000-0000-0000-000000000006}"
EndProject
Project("{FAE04EC0-301F-11D3-BF4B-00C04F79EFBC}") = "Syndic.Modules.Paiement", "src\Syndic.Modules.Paiement\Syndic.Modules.Paiement.csproj", "{AA000007-0000-0000-0000-000000000007}"
EndProject
Project("{FAE04EC0-301F-11D3-BF4B-00C04F79EFBC}") = "Syndic.Modules.Assemblees", "src\Syndic.Modules.Assemblees\Syndic.Modules.Assemblees.csproj", "{AA000008-0000-0000-0000-000000000008}"
EndProject
Project("{FAE04EC0-301F-11D3-BF4B-00C04F79EFBC}") = "Syndic.Modules.Maintenance", "src\Syndic.Modules.Maintenance\Syndic.Modules.Maintenance.csproj", "{AA000009-0000-0000-0000-000000000009}"
EndProject
Project("{FAE04EC0-301F-11D3-BF4B-00C04F79EFBC}") = "Syndic.Modules.Ged", "src\Syndic.Modules.Ged\Syndic.Modules.Ged.csproj", "{AA000010-0000-0000-0000-000000000010}"
EndProject
Project("{FAE04EC0-301F-11D3-BF4B-00C04F79EFBC}") = "Syndic.Modules.Notification", "src\Syndic.Modules.Notification\Syndic.Modules.Notification.csproj", "{AA000011-0000-0000-0000-000000000011}"
EndProject
Project("{FAE04EC0-301F-11D3-BF4B-00C04F79EFBC}") = "Syndic.Tests", "tests\Syndic.Tests\Syndic.Tests.csproj", "{AA000012-0000-0000-0000-000000000012}"
EndProject
Global
	GlobalSection(SolutionConfigurationPlatforms) = preSolution
		Debug|Any CPU = Debug|Any CPU
		Release|Any CPU = Release|Any CPU
	EndGlobalSection
	GlobalSection(ProjectConfigurationPlatforms) = postSolution
		{AA000003-0000-0000-0000-000000000003}.Debug|Any CPU.ActiveCfg = Debug|Any CPU
		{AA000003-0000-0000-0000-000000000003}.Debug|Any CPU.Build.0 = Debug|Any CPU
		{AA000003-0000-0000-0000-000000000003}.Release|Any CPU.ActiveCfg = Release|Any CPU
		{AA000003-0000-0000-0000-000000000003}.Release|Any CPU.Build.0 = Release|Any CPU
		{AA000004-0000-0000-0000-000000000004}.Debug|Any CPU.ActiveCfg = Debug|Any CPU
		{AA000004-0000-0000-0000-000000000004}.Debug|Any CPU.Build.0 = Debug|Any CPU
		{AA000004-0000-0000-0000-000000000004}.Release|Any CPU.ActiveCfg = Release|Any CPU
		{AA000004-0000-0000-0000-000000000004}.Release|Any CPU.Build.0 = Release|Any CPU
		{AA000005-0000-0000-0000-000000000005}.Debug|Any CPU.ActiveCfg = Debug|Any CPU
		{AA000005-0000-0000-0000-000000000005}.Debug|Any CPU.Build.0 = Debug|Any CPU
		{AA000005-0000-0000-0000-000000000005}.Release|Any CPU.ActiveCfg = Release|Any CPU
		{AA000005-0000-0000-0000-000000000005}.Release|Any CPU.Build.0 = Release|Any CPU
		{AA000006-0000-0000-0000-000000000006}.Debug|Any CPU.ActiveCfg = Debug|Any CPU
		{AA000006-0000-0000-0000-000000000006}.Debug|Any CPU.Build.0 = Debug|Any CPU
		{AA000006-0000-0000-0000-000000000006}.Release|Any CPU.ActiveCfg = Release|Any CPU
		{AA000006-0000-0000-0000-000000000006}.Release|Any CPU.Build.0 = Release|Any CPU
		{AA000007-0000-0000-0000-000000000007}.Debug|Any CPU.ActiveCfg = Debug|Any CPU
		{AA000007-0000-0000-0000-000000000007}.Debug|Any CPU.Build.0 = Debug|Any CPU
		{AA000007-0000-0000-0000-000000000007}.Release|Any CPU.ActiveCfg = Release|Any CPU
		{AA000007-0000-0000-0000-000000000007}.Release|Any CPU.Build.0 = Release|Any CPU
		{AA000008-0000-0000-0000-000000000008}.Debug|Any CPU.ActiveCfg = Debug|Any CPU
		{AA000008-0000-0000-0000-000000000008}.Debug|Any CPU.Build.0 = Debug|Any CPU
		{AA000008-0000-0000-0000-000000000008}.Release|Any CPU.ActiveCfg = Release|Any CPU
		{AA000008-0000-0000-0000-000000000008}.Release|Any CPU.Build.0 = Release|Any CPU
		{AA000009-0000-0000-0000-000000000009}.Debug|Any CPU.ActiveCfg = Debug|Any CPU
		{AA000009-0000-0000-0000-000000000009}.Debug|Any CPU.Build.0 = Debug|Any CPU
		{AA000009-0000-0000-0000-000000000009}.Release|Any CPU.ActiveCfg = Release|Any CPU
		{AA000009-0000-0000-0000-000000000009}.Release|Any CPU.Build.0 = Release|Any CPU
		{AA000010-0000-0000-0000-000000000010}.Debug|Any CPU.ActiveCfg = Debug|Any CPU
		{AA000010-0000-0000-0000-000000000010}.Debug|Any CPU.Build.0 = Debug|Any CPU
		{AA000010-0000-0000-0000-000000000010}.Release|Any CPU.ActiveCfg = Release|Any CPU
		{AA000010-0000-0000-0000-000000000010}.Release|Any CPU.Build.0 = Release|Any CPU
		{AA000011-0000-0000-0000-000000000011}.Debug|Any CPU.ActiveCfg = Debug|Any CPU
		{AA000011-0000-0000-0000-000000000011}.Debug|Any CPU.Build.0 = Debug|Any CPU
		{AA000011-0000-0000-0000-000000000011}.Release|Any CPU.ActiveCfg = Release|Any CPU
		{AA000011-0000-0000-0000-000000000011}.Release|Any CPU.Build.0 = Release|Any CPU
		{AA000012-0000-0000-0000-000000000012}.Debug|Any CPU.ActiveCfg = Debug|Any CPU
		{AA000012-0000-0000-0000-000000000012}.Debug|Any CPU.Build.0 = Debug|Any CPU
		{AA000012-0000-0000-0000-000000000012}.Release|Any CPU.ActiveCfg = Release|Any CPU
		{AA000012-0000-0000-0000-000000000012}.Release|Any CPU.Build.0 = Release|Any CPU
	EndGlobalSection
	GlobalSection(SolutionProperties) = preSolution
		HideSolutionNode = FALSE
	EndGlobalSection
	GlobalSection(NestedProjects) = preSolution
		{AA000003-0000-0000-0000-000000000003} = {AA000001-0000-0000-0000-000000000001}
		{AA000004-0000-0000-0000-000000000004} = {AA000001-0000-0000-0000-000000000001}
		{AA000005-0000-0000-0000-000000000005} = {AA000001-0000-0000-0000-000000000001}
		{AA000006-0000-0000-0000-000000000006} = {AA000001-0000-0000-0000-000000000001}
		{AA000007-0000-0000-0000-000000000007} = {AA000001-0000-0000-0000-000000000001}
		{AA000008-0000-0000-0000-000000000008} = {AA000001-0000-0000-0000-000000000001}
		{AA000009-0000-0000-0000-000000000009} = {AA000001-0000-0000-0000-000000000001}
		{AA000010-0000-0000-0000-000000000010} = {AA000001-0000-0000-0000-000000000001}
		{AA000011-0000-0000-0000-000000000011} = {AA000001-0000-0000-0000-000000000001}
		{AA000012-0000-0000-0000-000000000012} = {AA000002-0000-0000-0000-000000000002}
	EndGlobalSection
EndGlobal
